# This file is automatically @generated by Cargo.
# It is not intended for manual editing.
version = 3

[[package]]
name = "ada-core"
version = "0.1.0"

[[package]]
name = "ada-m01-acquisition"
version = "0.1.0"

[[package]]
name = "ada-m02-normalizer"
version = "0.1.0"

[[package]]
name = "ada-m03-data-flow-engine"
version = "0.1.0"

[[package]]
name = "ada-m04-orchestration"
version = "0.1.0"

[[package]]
name = "ada-m05-control-flow"
version = "0.1.0"

[[package]]
name = "ada-m06-plugin-sdk"
version = "0.1.0"

[[package]]
name = "ada-m07-debug"
version = "0.1.0"

[[package]]
name = "ada-m08-trigger"
version = "0.1.0"

[[package]]
name = "ada-m09-exporter"
version = "0.1.0"

[[package]]
name = "ada-m10-tenant-middleware"
version = "0.1.0"

[[package]]
name = "ada-m11-rbac-collab"
version = "0.1.0"

[[package]]
name = "ada-m12-canvas-editor"
version = "0.1.0"

[[package]]
name = "ada-m13-api-gateway"
version = "0.1.0"

[[package]]
name = "ada-m14-module-registry"
version = "0.1.0"

[[package]]
name = "ada-m15-central-event-bus"
version = "0.1.0"

[[package]]
name = "ada-m16-cluster-coordinator"
version = "0.1.0"

[[package]]
name = "ada-telemetry"
version = "0.1.0"
